
Microsoft Visual Studio Solution File, Format Version 12.00
# Visual Studio Version 16
VisualStudioVersion = 16.0.28803.202
MinimumVisualStudioVersion = 10.0.40219.1
Project("{FAE04EC0-301F-11D3-BF4B-00C04F79EFBC}") = "LABA 11", "LABA 11\LABA 11.csproj", "{1A06D68D-E881-4E94-80B7-5E70054F842C}"
EndProject
Global
	GlobalSection(SolutionConfigurationPlatforms) = preSolution
		Debug|Any CPU = Debug|Any CPU
		Release|Any CPU = Release|Any CPU
	EndGlobalSection
	GlobalSection(ProjectConfigurationPlatforms) = postSolution
		{1A06D68D-E881-4E94-80B7-5E70054F842C}.Debug|Any CPU.ActiveCfg = Debug|Any CPU
		{1A06D68D-E881-4E94-80B7-5E70054F842C}.Debug|Any CPU.Build.0 = Debug|Any CPU
		{1A06D68D-E881-4E94-80B7-5E70054F842C}.Release|Any CPU.ActiveCfg = Release|Any CPU
		{1A06D68D-E881-4E94-80B7-5E70054F842C}.Release|Any CPU.Build.0 = Release|Any CPU
	EndGlobalSection
	GlobalSection(SolutionProperties) = preSolution
		HideSolutionNode = FALSE
	EndGlobalSection
	GlobalSection(ExtensibilityGlobals) = postSolution
		SolutionGuid = {ACB609A6-6D07-4747-BF7C-B66BC8152D3A}
	EndGlobalSection
EndGlobal
